
Microsoft Visual Studio Solution File, Format Version 12.00
Project("{FAE04EC0-301F-11D3-BF4B-00C04F79EFBC}") = "Lab1_01", "Lab1_01\Lab1_01.csproj", "{F18C0A3E-6D08-4D45-BD63-DB439AFD1C6E}"
EndProject
Project("{FAE04EC0-301F-11D3-BF4B-00C04F79EFBC}") = "Lab1_02", "Lab1_02\Lab1_02.csproj", "{12B100DA-96F3-4DD1-93AC-9F4E18F258E1}"
EndProject
Project("{FAE04EC0-301F-11D3-BF4B-00C04F79EFBC}") = "Lab1_03", "Lab1_03\Lab1_03.csproj", "{26B5418A-4DCC-4582-B5DB-3D1565D68C75}"
EndProject
Project("{FAE04EC0-301F-11D3-BF4B-00C04F79EFBC}") = "Lab1_04", "Lab1_04\Lab1_04.csproj", "{560BAABE-751B-40E0-A735-3BF7F736F5DD}"
EndProject
Global
	GlobalSection(SolutionConfigurationPlatforms) = preSolution
		Debug|Any CPU = Debug|Any CPU
		Release|Any CPU = Release|Any CPU
	EndGlobalSection
	GlobalSection(ProjectConfigurationPlatforms) = postSolution
		{F18C0A3E-6D08-4D45-BD63-DB439AFD1C6E}.Debug|Any CPU.ActiveCfg = Debug|Any CPU
		{F18C0A3E-6D08-4D45-BD63-DB439AFD1C6E}.Debug|Any CPU.Build.0 = Debug|Any CPU
		{F18C0A3E-6D08-4D45-BD63-DB439AFD1C6E}.Release|Any CPU.ActiveCfg = Release|Any CPU
		{F18C0A3E-6D08-4D45-BD63-DB439AFD1C6E}.Release|Any CPU.Build.0 = Release|Any CPU
		{12B100DA-96F3-4DD1-93AC-9F4E18F258E1}.Debug|Any CPU.ActiveCfg = Debug|Any CPU
		{12B100DA-96F3-4DD1-93AC-9F4E18F258E1}.Debug|Any CPU.Build.0 = Debug|Any CPU
		{12B100DA-96F3-4DD1-93AC-9F4E18F258E1}.Release|Any CPU.ActiveCfg = Release|Any CPU
		{12B100DA-96F3-4DD1-93AC-9F4E18F258E1}.Release|Any CPU.Build.0 = Release|Any CPU
		{26B5418A-4DCC-4582-B5DB-3D1565D68C75}.Debug|Any CPU.ActiveCfg = Debug|Any CPU
		{26B5418A-4DCC-4582-B5DB-3D1565D68C75}.Debug|Any CPU.Build.0 = Debug|Any CPU
		{26B5418A-4DCC-4582-B5DB-3D1565D68C75}.Release|Any CPU.ActiveCfg = Release|Any CPU
		{26B5418A-4DCC-4582-B5DB-3D1565D68C75}.Release|Any CPU.Build.0 = Release|Any CPU
		{560BAABE-751B-40E0-A735-3BF7F736F5DD}.Debug|Any CPU.ActiveCfg = Debug|Any CPU
		{560BAABE-751B-40E0-A735-3BF7F736F5DD}.Debug|Any CPU.Build.0 = Debug|Any CPU
		{560BAABE-751B-40E0-A735-3BF7F736F5DD}.Release|Any CPU.ActiveCfg = Release|Any CPU
		{560BAABE-751B-40E0-A735-3BF7F736F5DD}.Release|Any CPU.Build.0 = Release|Any CPU
	EndGlobalSection
EndGlobal
